// !$*UTF8*$!
{
	archiveVersion = 1;
	classes = {
	};
	objectVersion = 50;
	objects = {

/* Begin PBXBuildFile section */
		41178291904888DA13D9B782 /* Pods_Gift_Organizer.framework in Frameworks */ = {isa = PBXBuildFile; fileRef = 6C6FA7645596091BDDF9027C /* Pods_Gift_Organizer.framework */; };
		BC3C7A5F216869550036A3A1 /* AppDelegate.swift in Sources */ = {isa = PBXBuildFile; fileRef = BC3C7A5E216869550036A3A1 /* AppDelegate.swift */; };
		BC3C7A61216869550036A3A1 /* GiftListVC.swift in Sources */ = {isa = PBXBuildFile; fileRef = BC3C7A60216869550036A3A1 /* GiftListVC.swift */; };
		BC3C7A67216869550036A3A1 /* Gift_Organizer.xcdatamodeld in Sources */ = {isa = PBXBuildFile; fileRef = BC3C7A65216869550036A3A1 /* Gift_Organizer.xcdatamodeld */; };
		BC3C7A69216869560036A3A1 /* Assets.xcassets in Resources */ = {isa = PBXBuildFile; fileRef = BC3C7A68216869560036A3A1 /* Assets.xcassets */; };
		BC3C7A6C216869560036A3A1 /* LaunchScreen.storyboard in Resources */ = {isa = PBXBuildFile; fileRef = BC3C7A6A216869560036A3A1 /* LaunchScreen.storyboard */; };
		BC3C7A7521686BD40036A3A1 /* People.swift in Sources */ = {isa = PBXBuildFile; fileRef = BC3C7A7421686BD40036A3A1 /* People.swift */; };
		BC3C7A77216993CA0036A3A1 /* GiftIdea.swift in Sources */ = {isa = PBXBuildFile; fileRef = BC3C7A76216993CA0036A3A1 /* GiftIdea.swift */; };
		BC3C7A7A216994360036A3A1 /* Cells.swift in Sources */ = {isa = PBXBuildFile; fileRef = BC3C7A79216994360036A3A1 /* Cells.swift */; };
		BC3C7A7C2169A78C0036A3A1 /* Extensions.swift in Sources */ = {isa = PBXBuildFile; fileRef = BC3C7A7B2169A78B0036A3A1 /* Extensions.swift */; };
		BC3C7A7E216ABFF20036A3A1 /* AddPopupView.swift in Sources */ = {isa = PBXBuildFile; fileRef = BC3C7A7D216ABFF20036A3A1 /* AddPopupView.swift */; };
		BC4E56E0218234C200A6E383 /* PeopleVC.swift in Sources */ = {isa = PBXBuildFile; fileRef = BC4E56DF218234C200A6E383 /* PeopleVC.swift */; };
		BC4E56E62183805800A6E383 /* AddPerson.swift in Sources */ = {isa = PBXBuildFile; fileRef = BC4E56E52183805800A6E383 /* AddPerson.swift */; };
		BC4E56E9218381E600A6E383 /* Custom Classes.swift in Sources */ = {isa = PBXBuildFile; fileRef = BC4E56E8218381E600A6E383 /* Custom Classes.swift */; };
/* End PBXBuildFile section */

/* Begin PBXFileReference section */
		6C6FA7645596091BDDF9027C /* Pods_Gift_Organizer.framework */ = {isa = PBXFileReference; explicitFileType = wrapper.framework; includeInIndex = 0; path = Pods_Gift_Organizer.framework; sourceTree = BUILT_PRODUCTS_DIR; };
		802A7E4BC1557A4B06164B4D /* Pods-Gift Organizer.release.xcconfig */ = {isa = PBXFileReference; includeInIndex = 1; lastKnownFileType = text.xcconfig; name = "Pods-Gift Organizer.release.xcconfig"; path = "Pods/Target Support Files/Pods-Gift Organizer/Pods-Gift Organizer.release.xcconfig"; sourceTree = "<group>"; };
		8BEF0A83FCB329A70C19020E /* Pods-Gift Organizer.debug.xcconfig */ = {isa = PBXFileReference; includeInIndex = 1; lastKnownFileType = text.xcconfig; name = "Pods-Gift Organizer.debug.xcconfig"; path = "Pods/Target Support Files/Pods-Gift Organizer/Pods-Gift Organizer.debug.xcconfig"; sourceTree = "<group>"; };
		BC3C7A5B216869550036A3A1 /* Gift Organizer.app */ = {isa = PBXFileReference; explicitFileType = wrapper.application; includeInIndex = 0; path = "Gift Organizer.app"; sourceTree = BUILT_PRODUCTS_DIR; };
		BC3C7A5E216869550036A3A1 /* AppDelegate.swift */ = {isa = PBXFileReference; lastKnownFileType = sourcecode.swift; path = AppDelegate.swift; sourceTree = "<group>"; };
		BC3C7A60216869550036A3A1 /* GiftListVC.swift */ = {isa = PBXFileReference; lastKnownFileType = sourcecode.swift; path = GiftListVC.swift; sourceTree = "<group>"; };
		BC3C7A66216869550036A3A1 /* Gift_Organizer.xcdatamodel */ = {isa = PBXFileReference; lastKnownFileType = wrapper.xcdatamodel; path = Gift_Organizer.xcdatamodel; sourceTree = "<group>"; };
		BC3C7A68216869560036A3A1 /* Assets.xcassets */ = {isa = PBXFileReference; lastKnownFileType = folder.assetcatalog; path = Assets.xcassets; sourceTree = "<group>"; };
		BC3C7A6B216869560036A3A1 /* Base */ = {isa = PBXFileReference; lastKnownFileType = file.storyboard; name = Base; path = Base.lproj/LaunchScreen.storyboard; sourceTree = "<group>"; };
		BC3C7A6D216869560036A3A1 /* Info.plist */ = {isa = PBXFileReference; lastKnownFileType = text.plist.xml; path = Info.plist; sourceTree = "<group>"; };
		BC3C7A7421686BD40036A3A1 /* People.swift */ = {isa = PBXFileReference; lastKnownFileType = sourcecode.swift; path = People.swift; sourceTree = "<group>"; };
		BC3C7A76216993CA0036A3A1 /* GiftIdea.swift */ = {isa = PBXFileReference; lastKnownFileType = sourcecode.swift; path = GiftIdea.swift; sourceTree = "<group>"; };
		BC3C7A79216994360036A3A1 /* Cells.swift */ = {isa = PBXFileReference; lastKnownFileType = sourcecode.swift; path = Cells.swift; sourceTree = "<group>"; };
		BC3C7A7B2169A78B0036A3A1 /* Extensions.swift */ = {isa = PBXFileReference; fileEncoding = 4; lastKnownFileType = sourcecode.swift; path = Extensions.swift; sourceTree = "<group>"; };
		BC3C7A7D216ABFF20036A3A1 /* AddPopupView.swift */ = {isa = PBXFileReference; lastKnownFileType = sourcecode.swift; path = AddPopupView.swift; sourceTree = "<group>"; };
		BC4E56DF218234C200A6E383 /* PeopleVC.swift */ = {isa = PBXFileReference; lastKnownFileType = sourcecode.swift; path = PeopleVC.swift; sourceTree = "<group>"; };
		BC4E56E52183805800A6E383 /* AddPerson.swift */ = {isa = PBXFileReference; lastKnownFileType = sourcecode.swift; path = AddPerson.swift; sourceTree = "<group>"; };
		BC4E56E8218381E600A6E383 /* Custom Classes.swift */ = {isa = PBXFileReference; lastKnownFileType = sourcecode.swift; path = "Custom Classes.swift"; sourceTree = "<group>"; };
/* End PBXFileReference section */

/* Begin PBXFrameworksBuildPhase section */
		BC3C7A58216869550036A3A1 /* Frameworks */ = {
			isa = PBXFrameworksBuildPhase;
			buildActionMask = 2147483647;
			files = (
				41178291904888DA13D9B782 /* Pods_Gift_Organizer.framework in Frameworks */,
			);
			runOnlyForDeploymentPostprocessing = 0;
		};
/* End PBXFrameworksBuildPhase section */

/* Begin PBXGroup section */
		572B82F0FE18A627A1EE56C4 /* Frameworks */ = {
			isa = PBXGroup;
			children = (
				6C6FA7645596091BDDF9027C /* Pods_Gift_Organizer.framework */,
			);
			name = Frameworks;
			sourceTree = "<group>";
		};
		BC3C7A52216869550036A3A1 = {
			isa = PBXGroup;
			children = (
				BC3C7A5D216869550036A3A1 /* Gift Organizer */,
				BC3C7A5C216869550036A3A1 /* Products */,
				D2294967B5D9CE16D312DD7A /* Pods */,
				572B82F0FE18A627A1EE56C4 /* Frameworks */,
			);
			sourceTree = "<group>";
		};
		BC3C7A5C216869550036A3A1 /* Products */ = {
			isa = PBXGroup;
			children = (
				BC3C7A5B216869550036A3A1 /* Gift Organizer.app */,
			);
			name = Products;
			sourceTree = "<group>";
		};
		BC3C7A5D216869550036A3A1 /* Gift Organizer */ = {
			isa = PBXGroup;
			children = (
				BC4E56E7218381BF00A6E383 /* Extensions & Custom Class */,
				BC3C7A78216994200036A3A1 /* Cells and Views */,
				BC3C7A7321686BB20036A3A1 /* Classes */,
				BC3C7A5E216869550036A3A1 /* AppDelegate.swift */,
				BC4E56DF218234C200A6E383 /* PeopleVC.swift */,
				BC3C7A68216869560036A3A1 /* Assets.xcassets */,
				BC3C7A6A216869560036A3A1 /* LaunchScreen.storyboard */,
				BC3C7A6D216869560036A3A1 /* Info.plist */,
				BC3C7A65216869550036A3A1 /* Gift_Organizer.xcdatamodeld */,
			);
			path = "Gift Organizer";
			sourceTree = "<group>";
		};
		BC3C7A7321686BB20036A3A1 /* Classes */ = {
			isa = PBXGroup;
			children = (
				BC3C7A7421686BD40036A3A1 /* People.swift */,
				BC3C7A76216993CA0036A3A1 /* GiftIdea.swift */,
			);
			path = Classes;
			sourceTree = "<group>";
		};
		BC3C7A78216994200036A3A1 /* Cells and Views */ = {
			isa = PBXGroup;
			children = (
				BC3C7A60216869550036A3A1 /* GiftListVC.swift */,
				BC3C7A79216994360036A3A1 /* Cells.swift */,
				BC3C7A7D216ABFF20036A3A1 /* AddPopupView.swift */,
				BC4E56E52183805800A6E383 /* AddPerson.swift */,
			);
			path = "Cells and Views";
			sourceTree = "<group>";
		};
		BC4E56E7218381BF00A6E383 /* Extensions & Custom Class */ = {
			isa = PBXGroup;
			children = (
				BC3C7A7B2169A78B0036A3A1 /* Extensions.swift */,
				BC4E56E8218381E600A6E383 /* Custom Classes.swift */,
			);
			path = "Extensions & Custom Class";
			sourceTree = "<group>";
		};
		D2294967B5D9CE16D312DD7A /* Pods */ = {
			isa = PBXGroup;
			children = (
				8BEF0A83FCB329A70C19020E /* Pods-Gift Organizer.debug.xcconfig */,
				802A7E4BC1557A4B06164B4D /* Pods-Gift Organizer.release.xcconfig */,
			);
			name = Pods;
			sourceTree = "<group>";
		};
/* End PBXGroup section */

/* Begin PBXNativeTarget section */
		BC3C7A5A216869550036A3A1 /* Gift Organizer */ = {
			isa = PBXNativeTarget;
			buildConfigurationList = BC3C7A70216869560036A3A1 /* Build configuration list for PBXNativeTarget "Gift Organizer" */;
			buildPhases = (
				F646B7AF83BAB77F9E836E54 /* [CP] Check Pods Manifest.lock */,
				BC3C7A57216869550036A3A1 /* Sources */,
				BC3C7A58216869550036A3A1 /* Frameworks */,
				BC3C7A59216869550036A3A1 /* Resources */,
				594331C446EE2FD8E1039E86 /* [CP] Embed Pods Frameworks */,
			);
			buildRules = (
			);
			dependencies = (
			);
			name = "Gift Organizer";
			productName = "Gift Organizer";
			productReference = BC3C7A5B216869550036A3A1 /* Gift Organizer.app */;
			productType = "com.apple.product-type.application";
		};
/* End PBXNativeTarget section */

/* Begin PBXProject section */
		BC3C7A53216869550036A3A1 /* Project object */ = {
			isa = PBXProject;
			attributes = {
				LastSwiftUpdateCheck = 1000;
				LastUpgradeCheck = 1000;
				ORGANIZATIONNAME = "Matthew Wells";
				TargetAttributes = {
					BC3C7A5A216869550036A3A1 = {
						CreatedOnToolsVersion = 10.0;
					};
				};
			};
			buildConfigurationList = BC3C7A56216869550036A3A1 /* Build configuration list for PBXProject "Gift Organizer" */;
			compatibilityVersion = "Xcode 9.3";
			developmentRegion = en;
			hasScannedForEncodings = 0;
			knownRegions = (
				en,
				Base,
			);
			mainGroup = BC3C7A52216869550036A3A1;
			productRefGroup = BC3C7A5C216869550036A3A1 /* Products */;
			projectDirPath = "";
			projectRoot = "";
			targets = (
				BC3C7A5A216869550036A3A1 /* Gift Organizer */,
			);
		};
/* End PBXProject section */

/* Begin PBXResourcesBuildPhase section */
		BC3C7A59216869550036A3A1 /* Resources */ = {
			isa = PBXResourcesBuildPhase;
			buildActionMask = 2147483647;
			files = (
				BC3C7A6C216869560036A3A1 /* LaunchScreen.storyboard in Resources */,
				BC3C7A69216869560036A3A1 /* Assets.xcassets in Resources */,
			);
			runOnlyForDeploymentPostprocessing = 0;
		};
/* End PBXResourcesBuildPhase section */

/* Begin PBXShellScriptBuildPhase section */
		594331C446EE2FD8E1039E86 /* [CP] Embed Pods Frameworks */ = {
			isa = PBXShellScriptBuildPhase;
			buildActionMask = 2147483647;
			files = (
			);
			inputFileListPaths = (
			);
			inputPaths = (
				"${SRCROOT}/Pods/Target Support Files/Pods-Gift Organizer/Pods-Gift Organizer-frameworks.sh",
				"${BUILT_PRODUCTS_DIR}/XLMediaZoom/XLMediaZoom.framework",
			);
			name = "[CP] Embed Pods Frameworks";
			outputFileListPaths = (
			);
			outputPaths = (
				"${TARGET_BUILD_DIR}/${FRAMEWORKS_FOLDER_PATH}/XLMediaZoom.framework",
			);
			runOnlyForDeploymentPostprocessing = 0;
			shellPath = /bin/sh;
			shellScript = "\"${SRCROOT}/Pods/Target Support Files/Pods-Gift Organizer/Pods-Gift Organizer-frameworks.sh\"\n";
			showEnvVarsInLog = 0;
		};
		F646B7AF83BAB77F9E836E54 /* [CP] Check Pods Manifest.lock */ = {
			isa = PBXShellScriptBuildPhase;
			buildActionMask = 2147483647;
			files = (
			);
			inputFileListPaths = (
			);
			inputPaths = (
				"${PODS_PODFILE_DIR_PATH}/Podfile.lock",
				"${PODS_ROOT}/Manifest.lock",
			);
			name = "[CP] Check Pods Manifest.lock";
			outputFileListPaths = (
			);
			outputPaths = (
				"$(DERIVED_FILE_DIR)/Pods-Gift Organizer-checkManifestLockResult.txt",
			);
			runOnlyForDeploymentPostprocessing = 0;
			shellPath = /bin/sh;
			shellScript = "diff \"${PODS_PODFILE_DIR_PATH}/Podfile.lock\" \"${PODS_ROOT}/Manifest.lock\" > /dev/null\nif [ $? != 0 ] ; then\n    # print error to STDERR\n    echo \"error: The sandbox is not in sync with the Podfile.lock. Run 'pod install' or update your CocoaPods installation.\" >&2\n    exit 1\nfi\n# This output is used by Xcode 'outputs' to avoid re-running this script phase.\necho \"SUCCESS\" > \"${SCRIPT_OUTPUT_FILE_0}\"\n";
			showEnvVarsInLog = 0;
		};
/* End PBXShellScriptBuildPhase section */

/* Begin PBXSourcesBuildPhase section */
		BC3C7A57216869550036A3A1 /* Sources */ = {
			isa = PBXSourcesBuildPhase;
			buildActionMask = 2147483647;
			files = (
				BC4E56E9218381E600A6E383 /* Custom Classes.swift in Sources */,
				BC3C7A7521686BD40036A3A1 /* People.swift in Sources */,
				BC3C7A7A216994360036A3A1 /* Cells.swift in Sources */,
				BC3C7A77216993CA0036A3A1 /* GiftIdea.swift in Sources */,
				BC3C7A61216869550036A3A1 /* GiftListVC.swift in Sources */,
				BC3C7A7E216ABFF20036A3A1 /* AddPopupView.swift in Sources */,
				BC3C7A5F216869550036A3A1 /* AppDelegate.swift in Sources */,
				BC3C7A67216869550036A3A1 /* Gift_Organizer.xcdatamodeld in Sources */,
				BC4E56E62183805800A6E383 /* AddPerson.swift in Sources */,
				BC4E56E0218234C200A6E383 /* PeopleVC.swift in Sources */,
				BC3C7A7C2169A78C0036A3A1 /* Extensions.swift in Sources */,
			);
			runOnlyForDeploymentPostprocessing = 0;
		};
/* End PBXSourcesBuildPhase section */

/* Begin PBXVariantGroup section */
		BC3C7A6A216869560036A3A1 /* LaunchScreen.storyboard */ = {
			isa = PBXVariantGroup;
			children = (
				BC3C7A6B216869560036A3A1 /* Base */,
			);
			name = LaunchScreen.storyboard;
			sourceTree = "<group>";
		};
/* End PBXVariantGroup section */

/* Begin XCBuildConfiguration section */
		BC3C7A6E216869560036A3A1 /* Debug */ = {
			isa = XCBuildConfiguration;
			buildSettings = {
				ALWAYS_SEARCH_USER_PATHS = NO;
				CLANG_ANALYZER_NONNULL = YES;
				CLANG_ANALYZER_NUMBER_OBJECT_CONVERSION = YES_AGGRESSIVE;
				CLANG_CXX_LANGUAGE_STANDARD = "gnu++14";
				CLANG_CXX_LIBRARY = "libc++";
				CLANG_ENABLE_MODULES = YES;
				CLANG_ENABLE_OBJC_ARC = YES;
				CLANG_ENABLE_OBJC_WEAK = YES;
				CLANG_WARN_BLOCK_CAPTURE_AUTORELEASING = YES;
				CLANG_WARN_BOOL_CONVERSION = YES;
				CLANG_WARN_COMMA = YES;
				CLANG_WARN_CONSTANT_CONVERSION = YES;
				CLANG_WARN_DEPRECATED_OBJC_IMPLEMENTATIONS = YES;
				CLANG_WARN_DIRECT_OBJC_ISA_USAGE = YES_ERROR;
				CLANG_WARN_DOCUMENTATION_COMMENTS = YES;
				CLANG_WARN_EMPTY_BODY = YES;
				CLANG_WARN_ENUM_CONVERSION = YES;
				CLANG_WARN_INFINITE_RECURSION = YES;
				CLANG_WARN_INT_CONVERSION = YES;
				CLANG_WARN_NON_LITERAL_NULL_CONVERSION = YES;
				CLANG_WARN_OBJC_IMPLICIT_RETAIN_SELF = YES;
				CLANG_WARN_OBJC_LITERAL_CONVERSION = YES;
				CLANG_WARN_OBJC_ROOT_CLASS = YES_ERROR;
				CLANG_WARN_RANGE_LOOP_ANALYSIS = YES;
				CLANG_WARN_STRICT_PROTOTYPES = YES;
				CLANG_WARN_SUSPICIOUS_MOVE = YES;
				CLANG_WARN_UNGUARDED_AVAILABILITY = YES_AGGRESSIVE;
				CLANG_WARN_UNREACHABLE_CODE = YES;
				CLANG_WARN__DUPLICATE_METHOD_MATCH = YES;
				CODE_SIGN_IDENTITY = "iPhone Developer";
				COPY_PHASE_STRIP = NO;
				DEBUG_INFORMATION_FORMAT = dwarf;
				ENABLE_STRICT_OBJC_MSGSEND = YES;
				ENABLE_TESTABILITY = YES;
				GCC_C_LANGUAGE_STANDARD = gnu11;
				GCC_DYNAMIC_NO_PIC = NO;
				GCC_NO_COMMON_BLOCKS = YES;
				GCC_OPTIMIZATION_LEVEL = 0;
				GCC_PREPROCESSOR_DEFINITIONS = (
					"DEBUG=1",
					"$(inherited)",
				);
				GCC_WARN_64_TO_32_BIT_CONVERSION = YES;
				GCC_WARN_ABOUT_RETURN_TYPE = YES_ERROR;
				GCC_WARN_UNDECLARED_SELECTOR = YES;
				GCC_WARN_UNINITIALIZED_AUTOS = YES_AGGRESSIVE;
				GCC_WARN_UNUSED_FUNCTION = YES;
				GCC_WARN_UNUSED_VARIABLE = YES;
				IPHONEOS_DEPLOYMENT_TARGET = 12.0;
				MTL_ENABLE_DEBUG_INFO = INCLUDE_SOURCE;
				MTL_FAST_MATH = YES;
				ONLY_ACTIVE_ARCH = YES;
				SDKROOT = iphoneos;
				SWIFT_ACTIVE_COMPILATION_CONDITIONS = DEBUG;
				SWIFT_OPTIMIZATION_LEVEL = "-Onone";
			};
			name = Debug;
		};
		BC3C7A6F216869560036A3A1 /* Release */ = {
			isa = XCBuildConfiguration;
			buildSettings = {
				ALWAYS_SEARCH_USER_PATHS = NO;
				CLANG_ANALYZER_NONNULL = YES;
				CLANG_ANALYZER_NUMBER_OBJECT_CONVERSION = YES_AGGRESSIVE;
				CLANG_CXX_LANGUAGE_STANDARD = "gnu++14";
				CLANG_CXX_LIBRARY = "libc++";
				CLANG_ENABLE_MODULES = YES;
				CLANG_ENABLE_OBJC_ARC = YES;
				CLANG_ENABLE_OBJC_WEAK = YES;
				CLANG_WARN_BLOCK_CAPTURE_AUTORELEASING = YES;
				CLANG_WARN_BOOL_CONVERSION = YES;
				CLANG_WARN_COMMA = YES;
				CLANG_WARN_CONSTANT_CONVERSION = YES;
				CLANG_WARN_DEPRECATED_OBJC_IMPLEMENTATIONS = YES;
				CLANG_WARN_DIRECT_OBJC_ISA_USAGE = YES_ERROR;
				CLANG_WARN_DOCUMENTATION_COMMENTS = YES;
				CLANG_WARN_EMPTY_BODY = YES;
				CLANG_WARN_ENUM_CONVERSION = YES;
				CLANG_WARN_INFINITE_RECURSION = YES;
				CLANG_WARN_INT_CONVERSION = YES;
				CLANG_WARN_NON_LITERAL_NULL_CONVERSION = YES;
				CLANG_WARN_OBJC_IMPLICIT_RETAIN_SELF = YES;
				CLANG_WARN_OBJC_LITERAL_CONVERSION = YES;
				CLANG_WARN_OBJC_ROOT_CLASS = YES_ERROR;
				CLANG_WARN_RANGE_LOOP_ANALYSIS = YES;
				CLANG_WARN_STRICT_PROTOTYPES = YES;
				CLANG_WARN_SUSPICIOUS_MOVE = YES;
				CLANG_WARN_UNGUARDED_AVAILABILITY = YES_AGGRESSIVE;
				CLANG_WARN_UNREACHABLE_CODE = YES;
				CLANG_WARN__DUPLICATE_METHOD_MATCH = YES;
				CODE_SIGN_IDENTITY = "iPhone Developer";
				COPY_PHASE_STRIP = NO;
				DEBUG_INFORMATION_FORMAT = "dwarf-with-dsym";
				ENABLE_NS_ASSERTIONS = NO;
				ENABLE_STRICT_OBJC_MSGSEND = YES;
				GCC_C_LANGUAGE_STANDARD = gnu11;
				GCC_NO_COMMON_BLOCKS = YES;
				GCC_WARN_64_TO_32_BIT_CONVERSION = YES;
				GCC_WARN_ABOUT_RETURN_TYPE = YES_ERROR;
				GCC_WARN_UNDECLARED_SELECTOR = YES;
				GCC_WARN_UNINITIALIZED_AUTOS = YES_AGGRESSIVE;
				GCC_WARN_UNUSED_FUNCTION = YES;
				GCC_WARN_UNUSED_VARIABLE = YES;
				IPHONEOS_DEPLOYMENT_TARGET = 12.0;
				MTL_ENABLE_DEBUG_INFO = NO;
				MTL_FAST_MATH = YES;
				SDKROOT = iphoneos;
				SWIFT_COMPILATION_MODE = wholemodule;
				SWIFT_OPTIMIZATION_LEVEL = "-O";
				VALIDATE_PRODUCT = YES;
			};
			name = Release;
		};
		BC3C7A71216869560036A3A1 /* Debug */ = {
			isa = XCBuildConfiguration;
			baseConfigurationReference = 8BEF0A83FCB329A70C19020E /* Pods-Gift Organizer.debug.xcconfig */;
			buildSettings = {
				ASSETCATALOG_COMPILER_APPICON_NAME = AppIcon;
				CODE_SIGN_STYLE = Automatic;
				DEVELOPMENT_TEAM = YMRS58GCF3;
				INFOPLIST_FILE = "Gift Organizer/Info.plist";
				LD_RUNPATH_SEARCH_PATHS = (
					"$(inherited)",
					"@executable_path/Frameworks",
				);
				PRODUCT_BUNDLE_IDENTIFIER = "Test.Gift-Organizer";
				PRODUCT_NAME = "$(TARGET_NAME)";
				SWIFT_VERSION = 4.2;
				TARGETED_DEVICE_FAMILY = "1,2";
			};
			name = Debug;
		};
		BC3C7A72216869560036A3A1 /* Release */ = {
			isa = XCBuildConfiguration;
			baseConfigurationReference = 802A7E4BC1557A4B06164B4D /* Pods-Gift Organizer.release.xcconfig */;
			buildSettings = {
				ASSETCATALOG_COMPILER_APPICON_NAME = AppIcon;
				CODE_SIGN_STYLE = Automatic;
				DEVELOPMENT_TEAM = YMRS58GCF3;
				INFOPLIST_FILE = "Gift Organizer/Info.plist";
				LD_RUNPATH_SEARCH_PATHS = (
					"$(inherited)",
					"@executable_path/Frameworks",
				);
				PRODUCT_BUNDLE_IDENTIFIER = "Test.Gift-Organizer";
				PRODUCT_NAME = "$(TARGET_NAME)";
				SWIFT_VERSION = 4.2;
				TARGETED_DEVICE_FAMILY = "1,2";
			};
			name = Release;
		};
/* End XCBuildConfiguration section */

/* Begin XCConfigurationList section */
		BC3C7A56216869550036A3A1 /* Build configuration list for PBXProject "Gift Organizer" */ = {
			isa = XCConfigurationList;
			buildConfigurations = (
				BC3C7A6E216869560036A3A1 /* Debug */,
				BC3C7A6F216869560036A3A1 /* Release */,
			);
			defaultConfigurationIsVisible = 0;
			defaultConfigurationName = Release;
		};
		BC3C7A70216869560036A3A1 /* Build configuration list for PBXNativeTarget "Gift Organizer" */ = {
			isa = XCConfigurationList;
			buildConfigurations = (
				BC3C7A71216869560036A3A1 /* Debug */,
				BC3C7A72216869560036A3A1 /* Release */,
			);
			defaultConfigurationIsVisible = 0;
			defaultConfigurationName = Release;
		};
/* End XCConfigurationList section */

/* Begin XCVersionGroup section */
		BC3C7A65216869550036A3A1 /* Gift_Organizer.xcdatamodeld */ = {
			isa = XCVersionGroup;
			children = (
				BC3C7A66216869550036A3A1 /* Gift_Organizer.xcdatamodel */,
			);
			currentVersion = BC3C7A66216869550036A3A1 /* Gift_Organizer.xcdatamodel */;
			path = Gift_Organizer.xcdatamodeld;
			sourceTree = "<group>";
			versionGroupType = wrapper.xcdatamodel;
		};
/* End XCVersionGroup section */
	};
	rootObject = BC3C7A53216869550036A3A1 /* Project object */;
}
